
Microsoft Visual Studio Solution File, Format Version 12.00
# Visual Studio Version 16
VisualStudioVersion = 16.0.31129.286
MinimumVisualStudioVersion = 10.0.40219.1
Project("{FAE04EC0-301F-11D3-BF4B-00C04F79EFBC}") = "NaverMovieFinderApp", "NaverMovieFinderApp\NaverMovieFinderApp.csproj", "{FAAFB719-D022-4978-B3CA-E7AC419A94BD}"
EndProject
Project("{FAE04EC0-301F-11D3-BF4B-00C04F79EFBC}") = "ConsoleNaverMovieFinder", "ConsoleNaverMovieFinder\ConsoleNaverMovieFinder.csproj", "{62BD4743-0411-4ED7-9504-E3280D1670E0}"
EndProject
Global
	GlobalSection(SolutionConfigurationPlatforms) = preSolution
		Debug|Any CPU = Debug|Any CPU
		Release|Any CPU = Release|Any CPU
	EndGlobalSection
	GlobalSection(ProjectConfigurationPlatforms) = postSolution
		{FAAFB719-D022-4978-B3CA-E7AC419A94BD}.Debug|Any CPU.ActiveCfg = Debug|Any CPU
		{FAAFB719-D022-4978-B3CA-E7AC419A94BD}.Debug|Any CPU.Build.0 = Debug|Any CPU
		{FAAFB719-D022-4978-B3CA-E7AC419A94BD}.Release|Any CPU.ActiveCfg = Release|Any CPU
		{FAAFB719-D022-4978-B3CA-E7AC419A94BD}.Release|Any CPU.Build.0 = Release|Any CPU
		{62BD4743-0411-4ED7-9504-E3280D1670E0}.Debug|Any CPU.ActiveCfg = Debug|Any CPU
		{62BD4743-0411-4ED7-9504-E3280D1670E0}.Debug|Any CPU.Build.0 = Debug|Any CPU
		{62BD4743-0411-4ED7-9504-E3280D1670E0}.Release|Any CPU.ActiveCfg = Release|Any CPU
		{62BD4743-0411-4ED7-9504-E3280D1670E0}.Release|Any CPU.Build.0 = Release|Any CPU
	EndGlobalSection
	GlobalSection(SolutionProperties) = preSolution
		HideSolutionNode = FALSE
	EndGlobalSection
	GlobalSection(ExtensibilityGlobals) = postSolution
		SolutionGuid = {BDDDD93D-B9C3-4955-AF91-C3E0250EB3AE}
	EndGlobalSection
EndGlobal
